
Microsoft Visual Studio Solution File, Format Version 12.00
# Visual Studio Version 17
VisualStudioVersion = 17.5.2.0
MinimumVisualStudioVersion = 10.0.40219.1
Project("{2150E333-8FDC-42A3-9474-1A3956D46DE8}") = "exercicis", "exercicis", "{B458C918-99C9-3C5B-4733-12801E6B4202}"
EndProject
Project("{FAE04EC0-301F-11D3-BF4B-00C04F79EFBC}") = "exercici1", "exercicis\exercici1\exercici1.csproj", "{9F3E1CF5-0C51-EA7F-28D0-8D554C242207}"
EndProject
Project("{FAE04EC0-301F-11D3-BF4B-00C04F79EFBC}") = "exercici2", "exercicis\exercici2\exercici2.csproj", "{1041F23F-B267-49AE-B194-8D972958F888}"
EndProject
Project("{FAE04EC0-301F-11D3-BF4B-00C04F79EFBC}") = "exercici12", "exercicis\exercici12\exercici12.csproj", "{F657CE11-F733-434E-A663-26E79FB1843D}"
EndProject
Project("{FAE04EC0-301F-11D3-BF4B-00C04F79EFBC}") = "exercici13", "exercicis\exercici13\exercici13.csproj", "{12BC8091-40FC-4E38-A3F3-A9C9EC8F3454}"
EndProject
Global
	GlobalSection(SolutionConfigurationPlatforms) = preSolution
		Debug|Any CPU = Debug|Any CPU
		Debug|x64 = Debug|x64
		Debug|x86 = Debug|x86
		Release|Any CPU = Release|Any CPU
		Release|x64 = Release|x64
		Release|x86 = Release|x86
	EndGlobalSection
	GlobalSection(ProjectConfigurationPlatforms) = postSolution
		{9F3E1CF5-0C51-EA7F-28D0-8D554C242207}.Debug|Any CPU.ActiveCfg = Debug|Any CPU
		{9F3E1CF5-0C51-EA7F-28D0-8D554C242207}.Debug|Any CPU.Build.0 = Debug|Any CPU
		{9F3E1CF5-0C51-EA7F-28D0-8D554C242207}.Debug|x64.ActiveCfg = Debug|Any CPU
		{9F3E1CF5-0C51-EA7F-28D0-8D554C242207}.Debug|x64.Build.0 = Debug|Any CPU
		{9F3E1CF5-0C51-EA7F-28D0-8D554C242207}.Debug|x86.ActiveCfg = Debug|Any CPU
		{9F3E1CF5-0C51-EA7F-28D0-8D554C242207}.Debug|x86.Build.0 = Debug|Any CPU
		{9F3E1CF5-0C51-EA7F-28D0-8D554C242207}.Release|Any CPU.ActiveCfg = Release|Any CPU
		{9F3E1CF5-0C51-EA7F-28D0-8D554C242207}.Release|Any CPU.Build.0 = Release|Any CPU
		{9F3E1CF5-0C51-EA7F-28D0-8D554C242207}.Release|x64.ActiveCfg = Release|Any CPU
		{9F3E1CF5-0C51-EA7F-28D0-8D554C242207}.Release|x64.Build.0 = Release|Any CPU
		{9F3E1CF5-0C51-EA7F-28D0-8D554C242207}.Release|x86.ActiveCfg = Release|Any CPU
		{9F3E1CF5-0C51-EA7F-28D0-8D554C242207}.Release|x86.Build.0 = Release|Any CPU
		{1041F23F-B267-49AE-B194-8D972958F888}.Debug|Any CPU.ActiveCfg = Debug|Any CPU
		{1041F23F-B267-49AE-B194-8D972958F888}.Debug|Any CPU.Build.0 = Debug|Any CPU
		{1041F23F-B267-49AE-B194-8D972958F888}.Debug|x64.ActiveCfg = Debug|Any CPU
		{1041F23F-B267-49AE-B194-8D972958F888}.Debug|x64.Build.0 = Debug|Any CPU
		{1041F23F-B267-49AE-B194-8D972958F888}.Debug|x86.ActiveCfg = Debug|Any CPU
		{1041F23F-B267-49AE-B194-8D972958F888}.Debug|x86.Build.0 = Debug|Any CPU
		{1041F23F-B267-49AE-B194-8D972958F888}.Release|Any CPU.ActiveCfg = Release|Any CPU
		{1041F23F-B267-49AE-B194-8D972958F888}.Release|Any CPU.Build.0 = Release|Any CPU
		{1041F23F-B267-49AE-B194-8D972958F888}.Release|x64.ActiveCfg = Release|Any CPU
		{1041F23F-B267-49AE-B194-8D972958F888}.Release|x64.Build.0 = Release|Any CPU
		{1041F23F-B267-49AE-B194-8D972958F888}.Release|x86.ActiveCfg = Release|Any CPU
		{1041F23F-B267-49AE-B194-8D972958F888}.Release|x86.Build.0 = Release|Any CPU
		{F657CE11-F733-434E-A663-26E79FB1843D}.Debug|Any CPU.ActiveCfg = Debug|Any CPU
		{F657CE11-F733-434E-A663-26E79FB1843D}.Debug|Any CPU.Build.0 = Debug|Any CPU
		{F657CE11-F733-434E-A663-26E79FB1843D}.Debug|x64.ActiveCfg = Debug|Any CPU
		{F657CE11-F733-434E-A663-26E79FB1843D}.Debug|x64.Build.0 = Debug|Any CPU
		{F657CE11-F733-434E-A663-26E79FB1843D}.Debug|x86.ActiveCfg = Debug|Any CPU
		{F657CE11-F733-434E-A663-26E79FB1843D}.Debug|x86.Build.0 = Debug|Any CPU
		{F657CE11-F733-434E-A663-26E79FB1843D}.Release|Any CPU.ActiveCfg = Release|Any CPU
		{F657CE11-F733-434E-A663-26E79FB1843D}.Release|Any CPU.Build.0 = Release|Any CPU
		{F657CE11-F733-434E-A663-26E79FB1843D}.Release|x64.ActiveCfg = Release|Any CPU
		{F657CE11-F733-434E-A663-26E79FB1843D}.Release|x64.Build.0 = Release|Any CPU
		{F657CE11-F733-434E-A663-26E79FB1843D}.Release|x86.ActiveCfg = Release|Any CPU
		{F657CE11-F733-434E-A663-26E79FB1843D}.Release|x86.Build.0 = Release|Any CPU
		{12BC8091-40FC-4E38-A3F3-A9C9EC8F3454}.Debug|Any CPU.ActiveCfg = Debug|Any CPU
		{12BC8091-40FC-4E38-A3F3-A9C9EC8F3454}.Debug|Any CPU.Build.0 = Debug|Any CPU
		{12BC8091-40FC-4E38-A3F3-A9C9EC8F3454}.Debug|x64.ActiveCfg = Debug|Any CPU
		{12BC8091-40FC-4E38-A3F3-A9C9EC8F3454}.Debug|x64.Build.0 = Debug|Any CPU
		{12BC8091-40FC-4E38-A3F3-A9C9EC8F3454}.Debug|x86.ActiveCfg = Debug|Any CPU
		{12BC8091-40FC-4E38-A3F3-A9C9EC8F3454}.Debug|x86.Build.0 = Debug|Any CPU
		{12BC8091-40FC-4E38-A3F3-A9C9EC8F3454}.Release|Any CPU.ActiveCfg = Release|Any CPU
		{12BC8091-40FC-4E38-A3F3-A9C9EC8F3454}.Release|Any CPU.Build.0 = Release|Any CPU
		{12BC8091-40FC-4E38-A3F3-A9C9EC8F3454}.Release|x64.ActiveCfg = Release|Any CPU
		{12BC8091-40FC-4E38-A3F3-A9C9EC8F3454}.Release|x64.Build.0 = Release|Any CPU
		{12BC8091-40FC-4E38-A3F3-A9C9EC8F3454}.Release|x86.ActiveCfg = Release|Any CPU
		{12BC8091-40FC-4E38-A3F3-A9C9EC8F3454}.Release|x86.Build.0 = Release|Any CPU
	EndGlobalSection
	GlobalSection(SolutionProperties) = preSolution
		HideSolutionNode = FALSE
	EndGlobalSection
	GlobalSection(NestedProjects) = preSolution
		{9F3E1CF5-0C51-EA7F-28D0-8D554C242207} = {B458C918-99C9-3C5B-4733-12801E6B4202}
		{1041F23F-B267-49AE-B194-8D972958F888} = {B458C918-99C9-3C5B-4733-12801E6B4202}
		{F657CE11-F733-434E-A663-26E79FB1843D} = {B458C918-99C9-3C5B-4733-12801E6B4202}
		{12BC8091-40FC-4E38-A3F3-A9C9EC8F3454} = {B458C918-99C9-3C5B-4733-12801E6B4202}
	EndGlobalSection
	GlobalSection(ExtensibilityGlobals) = postSolution
		SolutionGuid = {0D1FC053-6D76-4825-8140-8CBEF5FF4E02}
	EndGlobalSection
EndGlobal
